
Microsoft Visual Studio Solution File, Format Version 12.00
# Visual Studio Version 17
VisualStudioVersion = 17.6.33712.159
MinimumVisualStudioVersion = 10.0.40219.1
Project("{FAE04EC0-301F-11D3-BF4B-00C04F79EFBC}") = "Entertainment_Media", "Entertainment_Media\Entertainment_Media.csproj", "{F0AD3337-21BB-4C42-B9FF-1FE3F4B1AEBA}"
EndProject
Global
	GlobalSection(SolutionConfigurationPlatforms) = preSolution
		Debug|Any CPU = Debug|Any CPU
		Release|Any CPU = Release|Any CPU
	EndGlobalSection
	GlobalSection(ProjectConfigurationPlatforms) = postSolution
		{F0AD3337-21BB-4C42-B9FF-1FE3F4B1AEBA}.Debug|Any CPU.ActiveCfg = Debug|Any CPU
		{F0AD3337-21BB-4C42-B9FF-1FE3F4B1AEBA}.Debug|Any CPU.Build.0 = Debug|Any CPU
		{F0AD3337-21BB-4C42-B9FF-1FE3F4B1AEBA}.Release|Any CPU.ActiveCfg = Release|Any CPU
		{F0AD3337-21BB-4C42-B9FF-1FE3F4B1AEBA}.Release|Any CPU.Build.0 = Release|Any CPU
	EndGlobalSection
	GlobalSection(SolutionProperties) = preSolution
		HideSolutionNode = FALSE
	EndGlobalSection
	GlobalSection(ExtensibilityGlobals) = postSolution
		SolutionGuid = {664E3D03-1206-4545-9E7E-E5AFDE225B0C}
	EndGlobalSection
EndGlobal
